
Microsoft Visual Studio Solution File, Format Version 12.00
# Visual Studio Version 17
VisualStudioVersion = 17.11.35303.130
MinimumVisualStudioVersion = 10.0.40219.1
Project("{FAE04EC0-301F-11D3-BF4B-00C04F79EFBC}") = "BFAWebApp", "BFAWebApp\BFAWebApp.csproj", "{0223D601-E5E9-40C5-B16C-926D92D11AAD}"
EndProject
Global
	GlobalSection(SolutionConfigurationPlatforms) = preSolution
		Debug|Any CPU = Debug|Any CPU
		Release|Any CPU = Release|Any CPU
	EndGlobalSection
	GlobalSection(ProjectConfigurationPlatforms) = postSolution
		{0223D601-E5E9-40C5-B16C-926D92D11AAD}.Debug|Any CPU.ActiveCfg = Debug|Any CPU
		{0223D601-E5E9-40C5-B16C-926D92D11AAD}.Debug|Any CPU.Build.0 = Debug|Any CPU
		{0223D601-E5E9-40C5-B16C-926D92D11AAD}.Release|Any CPU.ActiveCfg = Release|Any CPU
		{0223D601-E5E9-40C5-B16C-926D92D11AAD}.Release|Any CPU.Build.0 = Release|Any CPU
	EndGlobalSection
	GlobalSection(SolutionProperties) = preSolution
		HideSolutionNode = FALSE
	EndGlobalSection
	GlobalSection(ExtensibilityGlobals) = postSolution
		SolutionGuid = {FCB18013-976A-4D97-8C82-A9772E2CD787}
	EndGlobalSection
EndGlobal
